// !$*UTF8*$!
{
	archiveVersion = 1;
	classes = {
	};
	objectVersion = 50;
	objects = {

/* Begin PBXBuildFile section */
		B52AA0B02602EA1100C1FD16 /* AppDelegate.swift in Sources */ = {isa = PBXBuildFile; fileRef = B52AA0AF2602EA1100C1FD16 /* AppDelegate.swift */; };
		B52AA0B22602EA1100C1FD16 /* SceneDelegate.swift in Sources */ = {isa = PBXBuildFile; fileRef = B52AA0B12602EA1100C1FD16 /* SceneDelegate.swift */; };
		B52AA0B42602EA1100C1FD16 /* ViewController.swift in Sources */ = {isa = PBXBuildFile; fileRef = B52AA0B32602EA1100C1FD16 /* ViewController.swift */; };
		B52AA0B72602EA1100C1FD16 /* Main.storyboard in Resources */ = {isa = PBXBuildFile; fileRef = B52AA0B52602EA1100C1FD16 /* Main.storyboard */; };
		B52AA0B92602EA1200C1FD16 /* Assets.xcassets in Resources */ = {isa = PBXBuildFile; fileRef = B52AA0B82602EA1200C1FD16 /* Assets.xcassets */; };
		B52AA0BC2602EA1200C1FD16 /* LaunchScreen.storyboard in Resources */ = {isa = PBXBuildFile; fileRef = B52AA0BA2602EA1200C1FD16 /* LaunchScreen.storyboard */; };
		B52AA0C72602EA1200C1FD16 /* BasicAuthenticationTests.swift in Sources */ = {isa = PBXBuildFile; fileRef = B52AA0C62602EA1200C1FD16 /* BasicAuthenticationTests.swift */; };
		B52AA0D22602EA1200C1FD16 /* BasicAuthenticationUITests.swift in Sources */ = {isa = PBXBuildFile; fileRef = B52AA0D12602EA1200C1FD16 /* BasicAuthenticationUITests.swift */; };
/* End PBXBuildFile section */

/* Begin PBXContainerItemProxy section */
		B52AA0C32602EA1200C1FD16 /* PBXContainerItemProxy */ = {
			isa = PBXContainerItemProxy;
			containerPortal = B52AA0A42602EA1100C1FD16 /* Project object */;
			proxyType = 1;
			remoteGlobalIDString = B52AA0AB2602EA1100C1FD16;
			remoteInfo = BasicAuthentication;
		};
		B52AA0CE2602EA1200C1FD16 /* PBXContainerItemProxy */ = {
			isa = PBXContainerItemProxy;
			containerPortal = B52AA0A42602EA1100C1FD16 /* Project object */;
			proxyType = 1;
			remoteGlobalIDString = B52AA0AB2602EA1100C1FD16;
			remoteInfo = BasicAuthentication;
		};
/* End PBXContainerItemProxy section */

/* Begin PBXFileReference section */
		B52AA0AC2602EA1100C1FD16 /* BasicAuthentication.app */ = {isa = PBXFileReference; explicitFileType = wrapper.application; includeInIndex = 0; path = BasicAuthentication.app; sourceTree = BUILT_PRODUCTS_DIR; };
		B52AA0AF2602EA1100C1FD16 /* AppDelegate.swift */ = {isa = PBXFileReference; lastKnownFileType = sourcecode.swift; path = AppDelegate.swift; sourceTree = "<group>"; };
		B52AA0B12602EA1100C1FD16 /* SceneDelegate.swift */ = {isa = PBXFileReference; lastKnownFileType = sourcecode.swift; path = SceneDelegate.swift; sourceTree = "<group>"; };
		B52AA0B32602EA1100C1FD16 /* ViewController.swift */ = {isa = PBXFileReference; lastKnownFileType = sourcecode.swift; path = ViewController.swift; sourceTree = "<group>"; };
		B52AA0B62602EA1100C1FD16 /* Base */ = {isa = PBXFileReference; lastKnownFileType = file.storyboard; name = Base; path = Base.lproj/Main.storyboard; sourceTree = "<group>"; };
		B52AA0B82602EA1200C1FD16 /* Assets.xcassets */ = {isa = PBXFileReference; lastKnownFileType = folder.assetcatalog; path = Assets.xcassets; sourceTree = "<group>"; };
		B52AA0BB2602EA1200C1FD16 /* Base */ = {isa = PBXFileReference; lastKnownFileType = file.storyboard; name = Base; path = Base.lproj/LaunchScreen.storyboard; sourceTree = "<group>"; };
		B52AA0BD2602EA1200C1FD16 /* Info.plist */ = {isa = PBXFileReference; lastKnownFileType = text.plist.xml; path = Info.plist; sourceTree = "<group>"; };
		B52AA0C22602EA1200C1FD16 /* BasicAuthenticationTests.xctest */ = {isa = PBXFileReference; explicitFileType = wrapper.cfbundle; includeInIndex = 0; path = BasicAuthenticationTests.xctest; sourceTree = BUILT_PRODUCTS_DIR; };
		B52AA0C62602EA1200C1FD16 /* BasicAuthenticationTests.swift */ = {isa = PBXFileReference; lastKnownFileType = sourcecode.swift; path = BasicAuthenticationTests.swift; sourceTree = "<group>"; };
		B52AA0C82602EA1200C1FD16 /* Info.plist */ = {isa = PBXFileReference; lastKnownFileType = text.plist.xml; path = Info.plist; sourceTree = "<group>"; };
		B52AA0CD2602EA1200C1FD16 /* BasicAuthenticationUITests.xctest */ = {isa = PBXFileReference; explicitFileType = wrapper.cfbundle; includeInIndex = 0; path = BasicAuthenticationUITests.xctest; sourceTree = BUILT_PRODUCTS_DIR; };
		B52AA0D12602EA1200C1FD16 /* BasicAuthenticationUITests.swift */ = {isa = PBXFileReference; lastKnownFileType = sourcecode.swift; path = BasicAuthenticationUITests.swift; sourceTree = "<group>"; };
		B52AA0D32602EA1200C1FD16 /* Info.plist */ = {isa = PBXFileReference; lastKnownFileType = text.plist.xml; path = Info.plist; sourceTree = "<group>"; };
/* End PBXFileReference section */

/* Begin PBXFrameworksBuildPhase section */
		B52AA0A92602EA1100C1FD16 /* Frameworks */ = {
			isa = PBXFrameworksBuildPhase;
			buildActionMask = 2147483647;
			files = (
			);
			runOnlyForDeploymentPostprocessing = 0;
		};
		B52AA0BF2602EA1200C1FD16 /* Frameworks */ = {
			isa = PBXFrameworksBuildPhase;
			buildActionMask = 2147483647;
			files = (
			);
			runOnlyForDeploymentPostprocessing = 0;
		};
		B52AA0CA2602EA1200C1FD16 /* Frameworks */ = {
			isa = PBXFrameworksBuildPhase;
			buildActionMask = 2147483647;
			files = (
			);
			runOnlyForDeploymentPostprocessing = 0;
		};
/* End PBXFrameworksBuildPhase section */

/* Begin PBXGroup section */
		B52AA0A32602EA1100C1FD16 = {
			isa = PBXGroup;
			children = (
				B52AA0AE2602EA1100C1FD16 /* BasicAuthentication */,
				B52AA0C52602EA1200C1FD16 /* BasicAuthenticationTests */,
				B52AA0D02602EA1200C1FD16 /* BasicAuthenticationUITests */,
				B52AA0AD2602EA1100C1FD16 /* Products */,
			);
			sourceTree = "<group>";
		};
		B52AA0AD2602EA1100C1FD16 /* Products */ = {
			isa = PBXGroup;
			children = (
				B52AA0AC2602EA1100C1FD16 /* BasicAuthentication.app */,
				B52AA0C22602EA1200C1FD16 /* BasicAuthenticationTests.xctest */,
				B52AA0CD2602EA1200C1FD16 /* BasicAuthenticationUITests.xctest */,
			);
			name = Products;
			sourceTree = "<group>";
		};
		B52AA0AE2602EA1100C1FD16 /* BasicAuthentication */ = {
			isa = PBXGroup;
			children = (
				B52AA0AF2602EA1100C1FD16 /* AppDelegate.swift */,
				B52AA0B12602EA1100C1FD16 /* SceneDelegate.swift */,
				B52AA0B32602EA1100C1FD16 /* ViewController.swift */,
				B52AA0B52602EA1100C1FD16 /* Main.storyboard */,
				B52AA0B82602EA1200C1FD16 /* Assets.xcassets */,
				B52AA0BA2602EA1200C1FD16 /* LaunchScreen.storyboard */,
				B52AA0BD2602EA1200C1FD16 /* Info.plist */,
			);
			path = BasicAuthentication;
			sourceTree = "<group>";
		};
		B52AA0C52602EA1200C1FD16 /* BasicAuthenticationTests */ = {
			isa = PBXGroup;
			children = (
				B52AA0C62602EA1200C1FD16 /* BasicAuthenticationTests.swift */,
				B52AA0C82602EA1200C1FD16 /* Info.plist */,
			);
			path = BasicAuthenticationTests;
			sourceTree = "<group>";
		};
		B52AA0D02602EA1200C1FD16 /* BasicAuthenticationUITests */ = {
			isa = PBXGroup;
			children = (
				B52AA0D12602EA1200C1FD16 /* BasicAuthenticationUITests.swift */,
				B52AA0D32602EA1200C1FD16 /* Info.plist */,
			);
			path = BasicAuthenticationUITests;
			sourceTree = "<group>";
		};
/* End PBXGroup section */

/* Begin PBXNativeTarget section */
		B52AA0AB2602EA1100C1FD16 /* BasicAuthentication */ = {
			isa = PBXNativeTarget;
			buildConfigurationList = B52AA0D62602EA1200C1FD16 /* Build configuration list for PBXNativeTarget "BasicAuthentication" */;
			buildPhases = (
				B52AA0A82602EA1100C1FD16 /* Sources */,
				B52AA0A92602EA1100C1FD16 /* Frameworks */,
				B52AA0AA2602EA1100C1FD16 /* Resources */,
			);
			buildRules = (
			);
			dependencies = (
			);
			name = BasicAuthentication;
			productName = BasicAuthentication;
			productReference = B52AA0AC2602EA1100C1FD16 /* BasicAuthentication.app */;
			productType = "com.apple.product-type.application";
		};
		B52AA0C12602EA1200C1FD16 /* BasicAuthenticationTests */ = {
			isa = PBXNativeTarget;
			buildConfigurationList = B52AA0D92602EA1200C1FD16 /* Build configuration list for PBXNativeTarget "BasicAuthenticationTests" */;
			buildPhases = (
				B52AA0BE2602EA1200C1FD16 /* Sources */,
				B52AA0BF2602EA1200C1FD16 /* Frameworks */,
				B52AA0C02602EA1200C1FD16 /* Resources */,
			);
			buildRules = (
			);
			dependencies = (
				B52AA0C42602EA1200C1FD16 /* PBXTargetDependency */,
			);
			name = BasicAuthenticationTests;
			productName = BasicAuthenticationTests;
			productReference = B52AA0C22602EA1200C1FD16 /* BasicAuthenticationTests.xctest */;
			productType = "com.apple.product-type.bundle.unit-test";
		};
		B52AA0CC2602EA1200C1FD16 /* BasicAuthenticationUITests */ = {
			isa = PBXNativeTarget;
			buildConfigurationList = B52AA0DC2602EA1200C1FD16 /* Build configuration list for PBXNativeTarget "BasicAuthenticationUITests" */;
			buildPhases = (
				B52AA0C92602EA1200C1FD16 /* Sources */,
				B52AA0CA2602EA1200C1FD16 /* Frameworks */,
				B52AA0CB2602EA1200C1FD16 /* Resources */,
			);
			buildRules = (
			);
			dependencies = (
				B52AA0CF2602EA1200C1FD16 /* PBXTargetDependency */,
			);
			name = BasicAuthenticationUITests;
			productName = BasicAuthenticationUITests;
			productReference = B52AA0CD2602EA1200C1FD16 /* BasicAuthenticationUITests.xctest */;
			productType = "com.apple.product-type.bundle.ui-testing";
		};
/* End PBXNativeTarget section */

/* Begin PBXProject section */
		B52AA0A42602EA1100C1FD16 /* Project object */ = {
			isa = PBXProject;
			attributes = {
				LastSwiftUpdateCheck = 1240;
				LastUpgradeCheck = 1240;
				TargetAttributes = {
					B52AA0AB2602EA1100C1FD16 = {
						CreatedOnToolsVersion = 12.4;
					};
					B52AA0C12602EA1200C1FD16 = {
						CreatedOnToolsVersion = 12.4;
						TestTargetID = B52AA0AB2602EA1100C1FD16;
					};
					B52AA0CC2602EA1200C1FD16 = {
						CreatedOnToolsVersion = 12.4;
						TestTargetID = B52AA0AB2602EA1100C1FD16;
					};
				};
			};
			buildConfigurationList = B52AA0A72602EA1100C1FD16 /* Build configuration list for PBXProject "BasicAuthentication" */;
			compatibilityVersion = "Xcode 9.3";
			developmentRegion = en;
			hasScannedForEncodings = 0;
			knownRegions = (
				en,
				Base,
			);
			mainGroup = B52AA0A32602EA1100C1FD16;
			productRefGroup = B52AA0AD2602EA1100C1FD16 /* Products */;
			projectDirPath = "";
			projectRoot = "";
			targets = (
				B52AA0AB2602EA1100C1FD16 /* BasicAuthentication */,
				B52AA0C12602EA1200C1FD16 /* BasicAuthenticationTests */,
				B52AA0CC2602EA1200C1FD16 /* BasicAuthenticationUITests */,
			);
		};
/* End PBXProject section */

/* Begin PBXResourcesBuildPhase section */
		B52AA0AA2602EA1100C1FD16 /* Resources */ = {
			isa = PBXResourcesBuildPhase;
			buildActionMask = 2147483647;
			files = (
				B52AA0BC2602EA1200C1FD16 /* LaunchScreen.storyboard in Resources */,
				B52AA0B92602EA1200C1FD16 /* Assets.xcassets in Resources */,
				B52AA0B72602EA1100C1FD16 /* Main.storyboard in Resources */,
			);
			runOnlyForDeploymentPostprocessing = 0;
		};
		B52AA0C02602EA1200C1FD16 /* Resources */ = {
			isa = PBXResourcesBuildPhase;
			buildActionMask = 2147483647;
			files = (
			);
			runOnlyForDeploymentPostprocessing = 0;
		};
		B52AA0CB2602EA1200C1FD16 /* Resources */ = {
			isa = PBXResourcesBuildPhase;
			buildActionMask = 2147483647;
			files = (
			);
			runOnlyForDeploymentPostprocessing = 0;
		};
/* End PBXResourcesBuildPhase section */

/* Begin PBXSourcesBuildPhase section */
		B52AA0A82602EA1100C1FD16 /* Sources */ = {
			isa = PBXSourcesBuildPhase;
			buildActionMask = 2147483647;
			files = (
				B52AA0B42602EA1100C1FD16 /* ViewController.swift in Sources */,
				B52AA0B02602EA1100C1FD16 /* AppDelegate.swift in Sources */,
				B52AA0B22602EA1100C1FD16 /* SceneDelegate.swift in Sources */,
			);
			runOnlyForDeploymentPostprocessing = 0;
		};
		B52AA0BE2602EA1200C1FD16 /* Sources */ = {
			isa = PBXSourcesBuildPhase;
			buildActionMask = 2147483647;
			files = (
				B52AA0C72602EA1200C1FD16 /* BasicAuthenticationTests.swift in Sources */,
			);
			runOnlyForDeploymentPostprocessing = 0;
		};
		B52AA0C92602EA1200C1FD16 /* Sources */ = {
			isa = PBXSourcesBuildPhase;
			buildActionMask = 2147483647;
			files = (
				B52AA0D22602EA1200C1FD16 /* BasicAuthenticationUITests.swift in Sources */,
			);
			runOnlyForDeploymentPostprocessing = 0;
		};
/* End PBXSourcesBuildPhase section */

/* Begin PBXTargetDependency section */
		B52AA0C42602EA1200C1FD16 /* PBXTargetDependency */ = {
			isa = PBXTargetDependency;
			target = B52AA0AB2602EA1100C1FD16 /* BasicAuthentication */;
			targetProxy = B52AA0C32602EA1200C1FD16 /* PBXContainerItemProxy */;
		};
		B52AA0CF2602EA1200C1FD16 /* PBXTargetDependency */ = {
			isa = PBXTargetDependency;
			target = B52AA0AB2602EA1100C1FD16 /* BasicAuthentication */;
			targetProxy = B52AA0CE2602EA1200C1FD16 /* PBXContainerItemProxy */;
		};
/* End PBXTargetDependency section */

/* Begin PBXVariantGroup section */
		B52AA0B52602EA1100C1FD16 /* Main.storyboard */ = {
			isa = PBXVariantGroup;
			children = (
				B52AA0B62602EA1100C1FD16 /* Base */,
			);
			name = Main.storyboard;
			sourceTree = "<group>";
		};
		B52AA0BA2602EA1200C1FD16 /* LaunchScreen.storyboard */ = {
			isa = PBXVariantGroup;
			children = (
				B52AA0BB2602EA1200C1FD16 /* Base */,
			);
			name = LaunchScreen.storyboard;
			sourceTree = "<group>";
		};
/* End PBXVariantGroup section */

/* Begin XCBuildConfiguration section */
		B52AA0D42602EA1200C1FD16 /* Debug */ = {
			isa = XCBuildConfiguration;
			buildSettings = {
				ALWAYS_SEARCH_USER_PATHS = NO;
				CLANG_ANALYZER_NONNULL = YES;
				CLANG_ANALYZER_NUMBER_OBJECT_CONVERSION = YES_AGGRESSIVE;
				CLANG_CXX_LANGUAGE_STANDARD = "gnu++14";
				CLANG_CXX_LIBRARY = "libc++";
				CLANG_ENABLE_MODULES = YES;
				CLANG_ENABLE_OBJC_ARC = YES;
				CLANG_ENABLE_OBJC_WEAK = YES;
				CLANG_WARN_BLOCK_CAPTURE_AUTORELEASING = YES;
				CLANG_WARN_BOOL_CONVERSION = YES;
				CLANG_WARN_COMMA = YES;
				CLANG_WARN_CONSTANT_CONVERSION = YES;
				CLANG_WARN_DEPRECATED_OBJC_IMPLEMENTATIONS = YES;
				CLANG_WARN_DIRECT_OBJC_ISA_USAGE = YES_ERROR;
				CLANG_WARN_DOCUMENTATION_COMMENTS = YES;
				CLANG_WARN_EMPTY_BODY = YES;
				CLANG_WARN_ENUM_CONVERSION = YES;
				CLANG_WARN_INFINITE_RECURSION = YES;
				CLANG_WARN_INT_CONVERSION = YES;
				CLANG_WARN_NON_LITERAL_NULL_CONVERSION = YES;
				CLANG_WARN_OBJC_IMPLICIT_RETAIN_SELF = YES;
				CLANG_WARN_OBJC_LITERAL_CONVERSION = YES;
				CLANG_WARN_OBJC_ROOT_CLASS = YES_ERROR;
				CLANG_WARN_QUOTED_INCLUDE_IN_FRAMEWORK_HEADER = YES;
				CLANG_WARN_RANGE_LOOP_ANALYSIS = YES;
				CLANG_WARN_STRICT_PROTOTYPES = YES;
				CLANG_WARN_SUSPICIOUS_MOVE = YES;
				CLANG_WARN_UNGUARDED_AVAILABILITY = YES_AGGRESSIVE;
				CLANG_WARN_UNREACHABLE_CODE = YES;
				CLANG_WARN__DUPLICATE_METHOD_MATCH = YES;
				COPY_PHASE_STRIP = NO;
				DEBUG_INFORMATION_FORMAT = dwarf;
				ENABLE_STRICT_OBJC_MSGSEND = YES;
				ENABLE_TESTABILITY = YES;
				GCC_C_LANGUAGE_STANDARD = gnu11;
				GCC_DYNAMIC_NO_PIC = NO;
				GCC_NO_COMMON_BLOCKS = YES;
				GCC_OPTIMIZATION_LEVEL = 0;
				GCC_PREPROCESSOR_DEFINITIONS = (
					"DEBUG=1",
					"$(inherited)",
				);
				GCC_WARN_64_TO_32_BIT_CONVERSION = YES;
				GCC_WARN_ABOUT_RETURN_TYPE = YES_ERROR;
				GCC_WARN_UNDECLARED_SELECTOR = YES;
				GCC_WARN_UNINITIALIZED_AUTOS = YES_AGGRESSIVE;
				GCC_WARN_UNUSED_FUNCTION = YES;
				GCC_WARN_UNUSED_VARIABLE = YES;
				IPHONEOS_DEPLOYMENT_TARGET = 14.4;
				MTL_ENABLE_DEBUG_INFO = INCLUDE_SOURCE;
				MTL_FAST_MATH = YES;
				ONLY_ACTIVE_ARCH = YES;
				SDKROOT = iphoneos;
				SWIFT_ACTIVE_COMPILATION_CONDITIONS = DEBUG;
				SWIFT_OPTIMIZATION_LEVEL = "-Onone";
			};
			name = Debug;
		};
		B52AA0D52602EA1200C1FD16 /* Release */ = {
			isa = XCBuildConfiguration;
			buildSettings = {
				ALWAYS_SEARCH_USER_PATHS = NO;
				CLANG_ANALYZER_NONNULL = YES;
				CLANG_ANALYZER_NUMBER_OBJECT_CONVERSION = YES_AGGRESSIVE;
				CLANG_CXX_LANGUAGE_STANDARD = "gnu++14";
				CLANG_CXX_LIBRARY = "libc++";
				CLANG_ENABLE_MODULES = YES;
				CLANG_ENABLE_OBJC_ARC = YES;
				CLANG_ENABLE_OBJC_WEAK = YES;
				CLANG_WARN_BLOCK_CAPTURE_AUTORELEASING = YES;
				CLANG_WARN_BOOL_CONVERSION = YES;
				CLANG_WARN_COMMA = YES;
				CLANG_WARN_CONSTANT_CONVERSION = YES;
				CLANG_WARN_DEPRECATED_OBJC_IMPLEMENTATIONS = YES;
				CLANG_WARN_DIRECT_OBJC_ISA_USAGE = YES_ERROR;
				CLANG_WARN_DOCUMENTATION_COMMENTS = YES;
				CLANG_WARN_EMPTY_BODY = YES;
				CLANG_WARN_ENUM_CONVERSION = YES;
				CLANG_WARN_INFINITE_RECURSION = YES;
				CLANG_WARN_INT_CONVERSION = YES;
				CLANG_WARN_NON_LITERAL_NULL_CONVERSION = YES;
				CLANG_WARN_OBJC_IMPLICIT_RETAIN_SELF = YES;
				CLANG_WARN_OBJC_LITERAL_CONVERSION = YES;
				CLANG_WARN_OBJC_ROOT_CLASS = YES_ERROR;
				CLANG_WARN_QUOTED_INCLUDE_IN_FRAMEWORK_HEADER = YES;
				CLANG_WARN_RANGE_LOOP_ANALYSIS = YES;
				CLANG_WARN_STRICT_PROTOTYPES = YES;
				CLANG_WARN_SUSPICIOUS_MOVE = YES;
				CLANG_WARN_UNGUARDED_AVAILABILITY = YES_AGGRESSIVE;
				CLANG_WARN_UNREACHABLE_CODE = YES;
				CLANG_WARN__DUPLICATE_METHOD_MATCH = YES;
				COPY_PHASE_STRIP = NO;
				DEBUG_INFORMATION_FORMAT = "dwarf-with-dsym";
				ENABLE_NS_ASSERTIONS = NO;
				ENABLE_STRICT_OBJC_MSGSEND = YES;
				GCC_C_LANGUAGE_STANDARD = gnu11;
				GCC_NO_COMMON_BLOCKS = YES;
				GCC_WARN_64_TO_32_BIT_CONVERSION = YES;
				GCC_WARN_ABOUT_RETURN_TYPE = YES_ERROR;
				GCC_WARN_UNDECLARED_SELECTOR = YES;
				GCC_WARN_UNINITIALIZED_AUTOS = YES_AGGRESSIVE;
				GCC_WARN_UNUSED_FUNCTION = YES;
				GCC_WARN_UNUSED_VARIABLE = YES;
				IPHONEOS_DEPLOYMENT_TARGET = 14.4;
				MTL_ENABLE_DEBUG_INFO = NO;
				MTL_FAST_MATH = YES;
				SDKROOT = iphoneos;
				SWIFT_COMPILATION_MODE = wholemodule;
				SWIFT_OPTIMIZATION_LEVEL = "-O";
				VALIDATE_PRODUCT = YES;
			};
			name = Release;
		};
		B52AA0D72602EA1200C1FD16 /* Debug */ = {
			isa = XCBuildConfiguration;
			buildSettings = {
				ASSETCATALOG_COMPILER_APPICON_NAME = AppIcon;
				ASSETCATALOG_COMPILER_GLOBAL_ACCENT_COLOR_NAME = AccentColor;
				CODE_SIGN_STYLE = Automatic;
				DEVELOPMENT_TEAM = 982R764GDB;
				INFOPLIST_FILE = BasicAuthentication/Info.plist;
				LD_RUNPATH_SEARCH_PATHS = (
					"$(inherited)",
					"@executable_path/Frameworks",
				);
				PRODUCT_BUNDLE_IDENTIFIER = com.icmsystems.BasicAuthentication;
				PRODUCT_NAME = "$(TARGET_NAME)";
				SWIFT_VERSION = 5.0;
				TARGETED_DEVICE_FAMILY = "1,2";
			};
			name = Debug;
		};
		B52AA0D82602EA1200C1FD16 /* Release */ = {
			isa = XCBuildConfiguration;
			buildSettings = {
				ASSETCATALOG_COMPILER_APPICON_NAME = AppIcon;
				ASSETCATALOG_COMPILER_GLOBAL_ACCENT_COLOR_NAME = AccentColor;
				CODE_SIGN_STYLE = Automatic;
				DEVELOPMENT_TEAM = 982R764GDB;
				INFOPLIST_FILE = BasicAuthentication/Info.plist;
				LD_RUNPATH_SEARCH_PATHS = (
					"$(inherited)",
					"@executable_path/Frameworks",
				);
				PRODUCT_BUNDLE_IDENTIFIER = com.icmsystems.BasicAuthentication;
				PRODUCT_NAME = "$(TARGET_NAME)";
				SWIFT_VERSION = 5.0;
				TARGETED_DEVICE_FAMILY = "1,2";
			};
			name = Release;
		};
		B52AA0DA2602EA1200C1FD16 /* Debug */ = {
			isa = XCBuildConfiguration;
			buildSettings = {
				ALWAYS_EMBED_SWIFT_STANDARD_LIBRARIES = YES;
				BUNDLE_LOADER = "$(TEST_HOST)";
				CODE_SIGN_STYLE = Automatic;
				DEVELOPMENT_TEAM = 982R764GDB;
				INFOPLIST_FILE = BasicAuthenticationTests/Info.plist;
				IPHONEOS_DEPLOYMENT_TARGET = 14.4;
				LD_RUNPATH_SEARCH_PATHS = (
					"$(inherited)",
					"@executable_path/Frameworks",
					"@loader_path/Frameworks",
				);
				PRODUCT_BUNDLE_IDENTIFIER = com.icmsystems.BasicAuthenticationTests;
				PRODUCT_NAME = "$(TARGET_NAME)";
				SWIFT_VERSION = 5.0;
				TARGETED_DEVICE_FAMILY = "1,2";
				TEST_HOST = "$(BUILT_PRODUCTS_DIR)/BasicAuthentication.app/BasicAuthentication";
			};
			name = Debug;
		};
		B52AA0DB2602EA1200C1FD16 /* Release */ = {
			isa = XCBuildConfiguration;
			buildSettings = {
				ALWAYS_EMBED_SWIFT_STANDARD_LIBRARIES = YES;
				BUNDLE_LOADER = "$(TEST_HOST)";
				CODE_SIGN_STYLE = Automatic;
				DEVELOPMENT_TEAM = 982R764GDB;
				INFOPLIST_FILE = BasicAuthenticationTests/Info.plist;
				IPHONEOS_DEPLOYMENT_TARGET = 14.4;
				LD_RUNPATH_SEARCH_PATHS = (
					"$(inherited)",
					"@executable_path/Frameworks",
					"@loader_path/Frameworks",
				);
				PRODUCT_BUNDLE_IDENTIFIER = com.icmsystems.BasicAuthenticationTests;
				PRODUCT_NAME = "$(TARGET_NAME)";
				SWIFT_VERSION = 5.0;
				TARGETED_DEVICE_FAMILY = "1,2";
				TEST_HOST = "$(BUILT_PRODUCTS_DIR)/BasicAuthentication.app/BasicAuthentication";
			};
			name = Release;
		};
		B52AA0DD2602EA1200C1FD16 /* Debug */ = {
			isa = XCBuildConfiguration;
			buildSettings = {
				ALWAYS_EMBED_SWIFT_STANDARD_LIBRARIES = YES;
				CODE_SIGN_STYLE = Automatic;
				DEVELOPMENT_TEAM = 982R764GDB;
				INFOPLIST_FILE = BasicAuthenticationUITests/Info.plist;
				LD_RUNPATH_SEARCH_PATHS = (
					"$(inherited)",
					"@executable_path/Frameworks",
					"@loader_path/Frameworks",
				);
				PRODUCT_BUNDLE_IDENTIFIER = com.icmsystems.BasicAuthenticationUITests;
				PRODUCT_NAME = "$(TARGET_NAME)";
				SWIFT_VERSION = 5.0;
				TARGETED_DEVICE_FAMILY = "1,2";
				TEST_TARGET_NAME = BasicAuthentication;
			};
			name = Debug;
		};
		B52AA0DE2602EA1200C1FD16 /* Release */ = {
			isa = XCBuildConfiguration;
			buildSettings = {
				ALWAYS_EMBED_SWIFT_STANDARD_LIBRARIES = YES;
				CODE_SIGN_STYLE = Automatic;
				DEVELOPMENT_TEAM = 982R764GDB;
				INFOPLIST_FILE = BasicAuthenticationUITests/Info.plist;
				LD_RUNPATH_SEARCH_PATHS = (
					"$(inherited)",
					"@executable_path/Frameworks",
					"@loader_path/Frameworks",
				);
				PRODUCT_BUNDLE_IDENTIFIER = com.icmsystems.BasicAuthenticationUITests;
				PRODUCT_NAME = "$(TARGET_NAME)";
				SWIFT_VERSION = 5.0;
				TARGETED_DEVICE_FAMILY = "1,2";
				TEST_TARGET_NAME = BasicAuthentication;
			};
			name = Release;
		};
/* End XCBuildConfiguration section */

/* Begin XCConfigurationList section */
		B52AA0A72602EA1100C1FD16 /* Build configuration list for PBXProject "BasicAuthentication" */ = {
			isa = XCConfigurationList;
			buildConfigurations = (
				B52AA0D42602EA1200C1FD16 /* Debug */,
				B52AA0D52602EA1200C1FD16 /* Release */,
			);
			defaultConfigurationIsVisible = 0;
			defaultConfigurationName = Release;
		};
		B52AA0D62602EA1200C1FD16 /* Build configuration list for PBXNativeTarget "BasicAuthentication" */ = {
			isa = XCConfigurationList;
			buildConfigurations = (
				B52AA0D72602EA1200C1FD16 /* Debug */,
				B52AA0D82602EA1200C1FD16 /* Release */,
			);
			defaultConfigurationIsVisible = 0;
			defaultConfigurationName = Release;
		};
		B52AA0D92602EA1200C1FD16 /* Build configuration list for PBXNativeTarget "BasicAuthenticationTests" */ = {
			isa = XCConfigurationList;
			buildConfigurations = (
				B52AA0DA2602EA1200C1FD16 /* Debug */,
				B52AA0DB2602EA1200C1FD16 /* Release */,
			);
			defaultConfigurationIsVisible = 0;
			defaultConfigurationName = Release;
		};
		B52AA0DC2602EA1200C1FD16 /* Build configuration list for PBXNativeTarget "BasicAuthenticationUITests" */ = {
			isa = XCConfigurationList;
			buildConfigurations = (
				B52AA0DD2602EA1200C1FD16 /* Debug */,
				B52AA0DE2602EA1200C1FD16 /* Release */,
			);
			defaultConfigurationIsVisible = 0;
			defaultConfigurationName = Release;
		};
/* End XCConfigurationList section */
	};
	rootObject = B52AA0A42602EA1100C1FD16 /* Project object */;
}
